
Microsoft Visual Studio Solution File, Format Version 12.00
# Visual Studio Version 17
VisualStudioVersion = 17.8.34316.72
MinimumVisualStudioVersion = 10.0.40219.1
Project("{9A19103F-16F7-4668-BE54-9A1E7A4F7556}") = "FoodReview.Api", "FoodReview.Api\FoodReview.Api.csproj", "{5D864E1B-890A-4085-87C2-949D3B4443CA}"
EndProject
Project("{9A19103F-16F7-4668-BE54-9A1E7A4F7556}") = "FoodReview.Repository", "FoodReview.Repositorty\FoodReview.Repository.csproj", "{F2F1333E-881F-4801-80EE-EE3875060366}"
EndProject
Project("{9A19103F-16F7-4668-BE54-9A1E7A4F7556}") = "FoodReview.Service", "FoodReview.Service\FoodReview.Service.csproj", "{1D7ADE55-D1F3-46C6-872D-99ECEAA21E9A}"
EndProject
Project("{9A19103F-16F7-4668-BE54-9A1E7A4F7556}") = "FoodReview.Model", "FoodReview.Model\FoodReview.Model.csproj", "{F6B5630A-BBCC-4610-8E5A-6CFF8E051747}"
EndProject
Global
	GlobalSection(SolutionConfigurationPlatforms) = preSolution
		Debug|Any CPU = Debug|Any CPU
		Release|Any CPU = Release|Any CPU
	EndGlobalSection
	GlobalSection(ProjectConfigurationPlatforms) = postSolution
		{5D864E1B-890A-4085-87C2-949D3B4443CA}.Debug|Any CPU.ActiveCfg = Debug|Any CPU
		{5D864E1B-890A-4085-87C2-949D3B4443CA}.Debug|Any CPU.Build.0 = Debug|Any CPU
		{5D864E1B-890A-4085-87C2-949D3B4443CA}.Release|Any CPU.ActiveCfg = Release|Any CPU
		{5D864E1B-890A-4085-87C2-949D3B4443CA}.Release|Any CPU.Build.0 = Release|Any CPU
		{F2F1333E-881F-4801-80EE-EE3875060366}.Debug|Any CPU.ActiveCfg = Debug|Any CPU
		{F2F1333E-881F-4801-80EE-EE3875060366}.Debug|Any CPU.Build.0 = Debug|Any CPU
		{F2F1333E-881F-4801-80EE-EE3875060366}.Release|Any CPU.ActiveCfg = Release|Any CPU
		{F2F1333E-881F-4801-80EE-EE3875060366}.Release|Any CPU.Build.0 = Release|Any CPU
		{1D7ADE55-D1F3-46C6-872D-99ECEAA21E9A}.Debug|Any CPU.ActiveCfg = Debug|Any CPU
		{1D7ADE55-D1F3-46C6-872D-99ECEAA21E9A}.Debug|Any CPU.Build.0 = Debug|Any CPU
		{1D7ADE55-D1F3-46C6-872D-99ECEAA21E9A}.Release|Any CPU.ActiveCfg = Release|Any CPU
		{1D7ADE55-D1F3-46C6-872D-99ECEAA21E9A}.Release|Any CPU.Build.0 = Release|Any CPU
		{F6B5630A-BBCC-4610-8E5A-6CFF8E051747}.Debug|Any CPU.ActiveCfg = Debug|Any CPU
		{F6B5630A-BBCC-4610-8E5A-6CFF8E051747}.Debug|Any CPU.Build.0 = Debug|Any CPU
		{F6B5630A-BBCC-4610-8E5A-6CFF8E051747}.Release|Any CPU.ActiveCfg = Release|Any CPU
		{F6B5630A-BBCC-4610-8E5A-6CFF8E051747}.Release|Any CPU.Build.0 = Release|Any CPU
	EndGlobalSection
	GlobalSection(SolutionProperties) = preSolution
		HideSolutionNode = FALSE
	EndGlobalSection
	GlobalSection(ExtensibilityGlobals) = postSolution
		SolutionGuid = {A88A37DE-C99B-411E-BE2B-7E94A96CF92B}
	EndGlobalSection
EndGlobal
